
Microsoft Visual Studio Solution File, Format Version 12.00
# Visual Studio Version 17
VisualStudioVersion = 17.9.34723.18
MinimumVisualStudioVersion = 10.0.40219.1
Project("{FAE04EC0-301F-11D3-BF4B-00C04F79EFBC}") = "Jobs", "Jobs\Jobs.csproj", "{26540CD4-CE5C-4755-8AE0-14D83ABABEFE}"
EndProject
Global
	GlobalSection(SolutionConfigurationPlatforms) = preSolution
		Debug|Any CPU = Debug|Any CPU
		Release|Any CPU = Release|Any CPU
	EndGlobalSection
	GlobalSection(ProjectConfigurationPlatforms) = postSolution
		{26540CD4-CE5C-4755-8AE0-14D83ABABEFE}.Debug|Any CPU.ActiveCfg = Debug|Any CPU
		{26540CD4-CE5C-4755-8AE0-14D83ABABEFE}.Debug|Any CPU.Build.0 = Debug|Any CPU
		{26540CD4-CE5C-4755-8AE0-14D83ABABEFE}.Release|Any CPU.ActiveCfg = Release|Any CPU
		{26540CD4-CE5C-4755-8AE0-14D83ABABEFE}.Release|Any CPU.Build.0 = Release|Any CPU
	EndGlobalSection
	GlobalSection(SolutionProperties) = preSolution
		HideSolutionNode = FALSE
	EndGlobalSection
	GlobalSection(ExtensibilityGlobals) = postSolution
		SolutionGuid = {AA1D5BD3-A023-434F-B3C8-B0DF8E371ADE}
	EndGlobalSection
EndGlobal
